
Microsoft Visual Studio Solution File, Format Version 12.00
# Visual Studio 2012
Project("{2150E333-8FDC-42A3-9474-1A3956D46DE8}") = "Modules", "Modules", "{5E3ABB85-17E2-483E-BE11-A33E669893C2}"
EndProject
Project("{2150E333-8FDC-42A3-9474-1A3956D46DE8}") = "Examples", "Examples", "{46D4E44A-822E-4B1F-A4D5-B5FDBEC32667}"
EndProject
Project("{2150E333-8FDC-42A3-9474-1A3956D46DE8}") = "Services", "Services", "{FD48B2C1-F0E7-4A84-B130-7DEE26FA083B}"
EndProject
Project("{2150E333-8FDC-42A3-9474-1A3956D46DE8}") = "Protocols", "Protocols", "{6EED7594-2706-44CE-88E4-2D8E6C54BD49}"
EndProject
Project("{8BC9CEB8-8B4A-11D0-8D11-00A0C91BC942}") = "NetProto", "Protocols\Net\NetProto.vcxproj", "{E76A9876-6BC5-4E8F-8945-4B34B7814FB8}"
EndProject
Project("{8BC9CEB8-8B4A-11D0-8D11-00A0C91BC942}") = "AppProto", "Protocols\App\AppProto.vcxproj", "{F2EFB1C6-25C9-4FAF-A7BA-3D35A25D1923}"
EndProject
Project("{2150E333-8FDC-42A3-9474-1A3956D46DE8}") = "Tools", "Tools", "{04191522-115E-418C-946D-8B2A330A8BA8}"
EndProject
Project("{8BC9CEB8-8B4A-11D0-8D11-00A0C91BC942}") = "BackdoorClient", "Tools\BackdoorClient\BackdoorClient.vcxproj", "{F40F3F6B-CB0E-4E95-A65E-DB1E513474B6}"
	ProjectSection(ProjectDependencies) = postProject
		{DFBCBC6E-FA93-402C-94CB-52F3E30E0349} = {DFBCBC6E-FA93-402C-94CB-52F3E30E0349}
	EndProjectSection
EndProject
Project("{8BC9CEB8-8B4A-11D0-8D11-00A0C91BC942}") = "App", "Modules\App\App.vcxproj", "{DFBCBC6E-FA93-402C-94CB-52F3E30E0349}"
	ProjectSection(ProjectDependencies) = postProject
		{7CEF0E0A-3436-46ED-9840-89EBC203616D} = {7CEF0E0A-3436-46ED-9840-89EBC203616D}
		{F3B03878-661D-4AE6-8959-4F2926418116} = {F3B03878-661D-4AE6-8959-4F2926418116}
		{F2EFB1C6-25C9-4FAF-A7BA-3D35A25D1923} = {F2EFB1C6-25C9-4FAF-A7BA-3D35A25D1923}
	EndProjectSection
EndProject
Project("{8BC9CEB8-8B4A-11D0-8D11-00A0C91BC942}") = "Core", "Modules\Core\Core.vcxproj", "{F3B03878-661D-4AE6-8959-4F2926418116}"
EndProject
Project("{8BC9CEB8-8B4A-11D0-8D11-00A0C91BC942}") = "Net", "Modules\Net\Net.vcxproj", "{7CEF0E0A-3436-46ED-9840-89EBC203616D}"
	ProjectSection(ProjectDependencies) = postProject
		{E76A9876-6BC5-4E8F-8945-4B34B7814FB8} = {E76A9876-6BC5-4E8F-8945-4B34B7814FB8}
		{F3B03878-661D-4AE6-8959-4F2926418116} = {F3B03878-661D-4AE6-8959-4F2926418116}
	EndProjectSection
EndProject
Project("{8BC9CEB8-8B4A-11D0-8D11-00A0C91BC942}") = "EchoClient", "Examples\EchoClient\EchoClient.vcxproj", "{34D4A8FB-DED2-4000-9BF9-F6D3E6F98F9B}"
	ProjectSection(ProjectDependencies) = postProject
		{DFBCBC6E-FA93-402C-94CB-52F3E30E0349} = {DFBCBC6E-FA93-402C-94CB-52F3E30E0349}
	EndProjectSection
EndProject
Project("{8BC9CEB8-8B4A-11D0-8D11-00A0C91BC942}") = "EchoServer", "Examples\EchoServer\EchoServer.vcxproj", "{76AD454B-01A3-42E7-A6F4-3B04BECCB3E9}"
	ProjectSection(ProjectDependencies) = postProject
		{DFBCBC6E-FA93-402C-94CB-52F3E30E0349} = {DFBCBC6E-FA93-402C-94CB-52F3E30E0349}
	EndProjectSection
EndProject
Project("{8BC9CEB8-8B4A-11D0-8D11-00A0C91BC942}") = "HelloWorld", "Examples\HelloWorld\HelloWorld.vcxproj", "{9A82C024-99F9-4493-A36B-749E4164760C}"
	ProjectSection(ProjectDependencies) = postProject
		{DFBCBC6E-FA93-402C-94CB-52F3E30E0349} = {DFBCBC6E-FA93-402C-94CB-52F3E30E0349}
	EndProjectSection
EndProject
Project("{8BC9CEB8-8B4A-11D0-8D11-00A0C91BC942}") = "TestConnector", "Examples\TestConnector\TestConnector.vcxproj", "{AAA5E050-F3F8-42D8-AB9B-12FAA82F3E0E}"
	ProjectSection(ProjectDependencies) = postProject
		{DFBCBC6E-FA93-402C-94CB-52F3E30E0349} = {DFBCBC6E-FA93-402C-94CB-52F3E30E0349}
	EndProjectSection
EndProject
Project("{8BC9CEB8-8B4A-11D0-8D11-00A0C91BC942}") = "GateServer", "Services\GateServer\GateServer.vcxproj", "{3AC2E5A4-925C-40DB-AC3B-6F73FBBC575C}"
	ProjectSection(ProjectDependencies) = postProject
		{DFBCBC6E-FA93-402C-94CB-52F3E30E0349} = {DFBCBC6E-FA93-402C-94CB-52F3E30E0349}
	EndProjectSection
EndProject
Global
	GlobalSection(SolutionConfigurationPlatforms) = preSolution
		Debug|Win32 = Debug|Win32
		Release|Win32 = Release|Win32
	EndGlobalSection
	GlobalSection(ProjectConfigurationPlatforms) = postSolution
		{E76A9876-6BC5-4E8F-8945-4B34B7814FB8}.Debug|Win32.ActiveCfg = Debug|Win32
		{E76A9876-6BC5-4E8F-8945-4B34B7814FB8}.Debug|Win32.Build.0 = Debug|Win32
		{E76A9876-6BC5-4E8F-8945-4B34B7814FB8}.Release|Win32.ActiveCfg = Release|Win32
		{E76A9876-6BC5-4E8F-8945-4B34B7814FB8}.Release|Win32.Build.0 = Release|Win32
		{F2EFB1C6-25C9-4FAF-A7BA-3D35A25D1923}.Debug|Win32.ActiveCfg = Debug|Win32
		{F2EFB1C6-25C9-4FAF-A7BA-3D35A25D1923}.Debug|Win32.Build.0 = Debug|Win32
		{F2EFB1C6-25C9-4FAF-A7BA-3D35A25D1923}.Release|Win32.ActiveCfg = Release|Win32
		{F2EFB1C6-25C9-4FAF-A7BA-3D35A25D1923}.Release|Win32.Build.0 = Release|Win32
		{F40F3F6B-CB0E-4E95-A65E-DB1E513474B6}.Debug|Win32.ActiveCfg = Debug|Win32
		{F40F3F6B-CB0E-4E95-A65E-DB1E513474B6}.Debug|Win32.Build.0 = Debug|Win32
		{F40F3F6B-CB0E-4E95-A65E-DB1E513474B6}.Release|Win32.ActiveCfg = Release|Win32
		{F40F3F6B-CB0E-4E95-A65E-DB1E513474B6}.Release|Win32.Build.0 = Release|Win32
		{DFBCBC6E-FA93-402C-94CB-52F3E30E0349}.Debug|Win32.ActiveCfg = Debug|Win32
		{DFBCBC6E-FA93-402C-94CB-52F3E30E0349}.Debug|Win32.Build.0 = Debug|Win32
		{DFBCBC6E-FA93-402C-94CB-52F3E30E0349}.Release|Win32.ActiveCfg = Release|Win32
		{DFBCBC6E-FA93-402C-94CB-52F3E30E0349}.Release|Win32.Build.0 = Release|Win32
		{F3B03878-661D-4AE6-8959-4F2926418116}.Debug|Win32.ActiveCfg = Debug|Win32
		{F3B03878-661D-4AE6-8959-4F2926418116}.Debug|Win32.Build.0 = Debug|Win32
		{F3B03878-661D-4AE6-8959-4F2926418116}.Release|Win32.ActiveCfg = Release|Win32
		{F3B03878-661D-4AE6-8959-4F2926418116}.Release|Win32.Build.0 = Release|Win32
		{7CEF0E0A-3436-46ED-9840-89EBC203616D}.Debug|Win32.ActiveCfg = Debug|Win32
		{7CEF0E0A-3436-46ED-9840-89EBC203616D}.Debug|Win32.Build.0 = Debug|Win32
		{7CEF0E0A-3436-46ED-9840-89EBC203616D}.Release|Win32.ActiveCfg = Release|Win32
		{7CEF0E0A-3436-46ED-9840-89EBC203616D}.Release|Win32.Build.0 = Release|Win32
		{34D4A8FB-DED2-4000-9BF9-F6D3E6F98F9B}.Debug|Win32.ActiveCfg = Debug|Win32
		{34D4A8FB-DED2-4000-9BF9-F6D3E6F98F9B}.Debug|Win32.Build.0 = Debug|Win32
		{34D4A8FB-DED2-4000-9BF9-F6D3E6F98F9B}.Release|Win32.ActiveCfg = Release|Win32
		{34D4A8FB-DED2-4000-9BF9-F6D3E6F98F9B}.Release|Win32.Build.0 = Release|Win32
		{76AD454B-01A3-42E7-A6F4-3B04BECCB3E9}.Debug|Win32.ActiveCfg = Debug|Win32
		{76AD454B-01A3-42E7-A6F4-3B04BECCB3E9}.Debug|Win32.Build.0 = Debug|Win32
		{76AD454B-01A3-42E7-A6F4-3B04BECCB3E9}.Release|Win32.ActiveCfg = Release|Win32
		{76AD454B-01A3-42E7-A6F4-3B04BECCB3E9}.Release|Win32.Build.0 = Release|Win32
		{9A82C024-99F9-4493-A36B-749E4164760C}.Debug|Win32.ActiveCfg = Debug|Win32
		{9A82C024-99F9-4493-A36B-749E4164760C}.Debug|Win32.Build.0 = Debug|Win32
		{9A82C024-99F9-4493-A36B-749E4164760C}.Release|Win32.ActiveCfg = Release|Win32
		{9A82C024-99F9-4493-A36B-749E4164760C}.Release|Win32.Build.0 = Release|Win32
		{AAA5E050-F3F8-42D8-AB9B-12FAA82F3E0E}.Debug|Win32.ActiveCfg = Debug|Win32
		{AAA5E050-F3F8-42D8-AB9B-12FAA82F3E0E}.Debug|Win32.Build.0 = Debug|Win32
		{AAA5E050-F3F8-42D8-AB9B-12FAA82F3E0E}.Release|Win32.ActiveCfg = Release|Win32
		{AAA5E050-F3F8-42D8-AB9B-12FAA82F3E0E}.Release|Win32.Build.0 = Release|Win32
		{3AC2E5A4-925C-40DB-AC3B-6F73FBBC575C}.Debug|Win32.ActiveCfg = Debug|Win32
		{3AC2E5A4-925C-40DB-AC3B-6F73FBBC575C}.Debug|Win32.Build.0 = Debug|Win32
		{3AC2E5A4-925C-40DB-AC3B-6F73FBBC575C}.Release|Win32.ActiveCfg = Release|Win32
		{3AC2E5A4-925C-40DB-AC3B-6F73FBBC575C}.Release|Win32.Build.0 = Release|Win32
	EndGlobalSection
	GlobalSection(SolutionProperties) = preSolution
		HideSolutionNode = FALSE
	EndGlobalSection
	GlobalSection(NestedProjects) = preSolution
		{DFBCBC6E-FA93-402C-94CB-52F3E30E0349} = {5E3ABB85-17E2-483E-BE11-A33E669893C2}
		{F3B03878-661D-4AE6-8959-4F2926418116} = {5E3ABB85-17E2-483E-BE11-A33E669893C2}
		{7CEF0E0A-3436-46ED-9840-89EBC203616D} = {5E3ABB85-17E2-483E-BE11-A33E669893C2}
		{34D4A8FB-DED2-4000-9BF9-F6D3E6F98F9B} = {46D4E44A-822E-4B1F-A4D5-B5FDBEC32667}
		{76AD454B-01A3-42E7-A6F4-3B04BECCB3E9} = {46D4E44A-822E-4B1F-A4D5-B5FDBEC32667}
		{9A82C024-99F9-4493-A36B-749E4164760C} = {46D4E44A-822E-4B1F-A4D5-B5FDBEC32667}
		{AAA5E050-F3F8-42D8-AB9B-12FAA82F3E0E} = {46D4E44A-822E-4B1F-A4D5-B5FDBEC32667}
		{3AC2E5A4-925C-40DB-AC3B-6F73FBBC575C} = {FD48B2C1-F0E7-4A84-B130-7DEE26FA083B}
		{E76A9876-6BC5-4E8F-8945-4B34B7814FB8} = {6EED7594-2706-44CE-88E4-2D8E6C54BD49}
		{F2EFB1C6-25C9-4FAF-A7BA-3D35A25D1923} = {6EED7594-2706-44CE-88E4-2D8E6C54BD49}
		{F40F3F6B-CB0E-4E95-A65E-DB1E513474B6} = {04191522-115E-418C-946D-8B2A330A8BA8}
	EndGlobalSection
EndGlobal
