<?xml version="1.0" encoding="utf-8"?>
<Project ToolsVersion="4.0" xmlns="http://schemas.microsoft.com/developer/msbuild/2003">
  <ItemGroup>
    <ClCompile Include="NetProto.pb.cc" />
  </ItemGroup>
  <ItemGroup>
    <ClInclude Include="NetProto.pb.h" />
  </ItemGroup>
  <ItemGroup>
    <None Include="NetProto.proto" />
  </ItemGroup>
</Project>